
Microsoft Visual Studio Solution File, Format Version 12.00
# Visual Studio Version 17
VisualStudioVersion = 17.5.33516.290
MinimumVisualStudioVersion = 10.0.40219.1
Project("{9A19103F-16F7-4668-BE54-9A1E7A4F7556}") = "ClinicService", "ClinicService\ClinicService.csproj", "{D3ECF6A8-783F-4992-B83B-917CDC11BB3F}"
EndProject
Project("{9A19103F-16F7-4668-BE54-9A1E7A4F7556}") = "ClinicService.Data", "ClinicService.Data\ClinicService.Data.csproj", "{BFFACB5E-1F2D-4E0E-8759-04BA83DF6645}"
EndProject
Project("{FAE04EC0-301F-11D3-BF4B-00C04F79EFBC}") = "ClinicClient", "ClinicClient\ClinicClient.csproj", "{1C72F613-A1DD-469E-B450-1E4097D09FBD}"
EndProject
Global
	GlobalSection(SolutionConfigurationPlatforms) = preSolution
		Debug|Any CPU = Debug|Any CPU
		Release|Any CPU = Release|Any CPU
	EndGlobalSection
	GlobalSection(ProjectConfigurationPlatforms) = postSolution
		{D3ECF6A8-783F-4992-B83B-917CDC11BB3F}.Debug|Any CPU.ActiveCfg = Debug|Any CPU
		{D3ECF6A8-783F-4992-B83B-917CDC11BB3F}.Debug|Any CPU.Build.0 = Debug|Any CPU
		{D3ECF6A8-783F-4992-B83B-917CDC11BB3F}.Release|Any CPU.ActiveCfg = Release|Any CPU
		{D3ECF6A8-783F-4992-B83B-917CDC11BB3F}.Release|Any CPU.Build.0 = Release|Any CPU
		{BFFACB5E-1F2D-4E0E-8759-04BA83DF6645}.Debug|Any CPU.ActiveCfg = Debug|Any CPU
		{BFFACB5E-1F2D-4E0E-8759-04BA83DF6645}.Debug|Any CPU.Build.0 = Debug|Any CPU
		{BFFACB5E-1F2D-4E0E-8759-04BA83DF6645}.Release|Any CPU.ActiveCfg = Release|Any CPU
		{BFFACB5E-1F2D-4E0E-8759-04BA83DF6645}.Release|Any CPU.Build.0 = Release|Any CPU
		{1C72F613-A1DD-469E-B450-1E4097D09FBD}.Debug|Any CPU.ActiveCfg = Debug|Any CPU
		{1C72F613-A1DD-469E-B450-1E4097D09FBD}.Debug|Any CPU.Build.0 = Debug|Any CPU
		{1C72F613-A1DD-469E-B450-1E4097D09FBD}.Release|Any CPU.ActiveCfg = Release|Any CPU
		{1C72F613-A1DD-469E-B450-1E4097D09FBD}.Release|Any CPU.Build.0 = Release|Any CPU
	EndGlobalSection
	GlobalSection(SolutionProperties) = preSolution
		HideSolutionNode = FALSE
	EndGlobalSection
	GlobalSection(ExtensibilityGlobals) = postSolution
		SolutionGuid = {99576689-7041-4D69-B33B-E4C6C2C095E3}
	EndGlobalSection
EndGlobal
